<?xml version="1.0" encoding="utf-8"?>
<Project ToolsVersion="4.0" xmlns="http://schemas.microsoft.com/developer/msbuild/2003">
  <ItemGroup>
    <Filter Include="Resource Files">
      <UniqueIdentifier>{67DA6AB6-F800-4c08-8B7A-83BB121AAD01}</UniqueIdentifier>
      <Extensions>rc;ico;cur;bmp;dlg;rc2;rct;bin;rgs;gif;jpg;jpeg;jpe;resx;tiff;tif;png;wav</Extensions>
    </Filter>
    <Filter Include="Code">
      <UniqueIdentifier>{f00919ed-899d-4327-9095-e22c9dafdd19}</UniqueIdentifier>
    </Filter>
    <Filter Include="Platforms">
      <UniqueIdentifier>{434c2098-8b34-44fc-911e-ada256ce1efe}</UniqueIdentifier>
    </Filter>
    <Filter Include="Platforms\Windows">
      <UniqueIdentifier>{939ff46c-3e06-43cd-87ad-e965dfcb85d7}</UniqueIdentifier>
    </Filter>
    <Filter Include="Platforms\Mac">
      <UniqueIdentifier>{a0469f25-9311-459d-9ad0-3371d03f2db1}</UniqueIdentifier>
    </Filter>
    <Filter Include="External Libraries">
      <UniqueIdentifier>{8021eb78-144b-4cc8-bc3a-1432b8fe45b8}</UniqueIdentifier>
    </Filter>
    <Filter Include="External Libraries\Windows">
      <UniqueIdentifier>{33dadab6-a428-4c5f-a31d-d2f7045da7f0}</UniqueIdentifier>
    </Filter>
    <Filter Include="External Libraries\Mac">
      <UniqueIdentifier>{8a890cf9-3a27-4b38-ae68-084f1f752623}</UniqueIdentifier>
    </Filter>
    <Filter Include="Code\Math">
      <UniqueIdentifier>{67ef6b64-058f-444d-965c-a20522252529}</UniqueIdentifier>
    </Filter>
    <Filter Include="Code\Core">
      <UniqueIdentifier>{c9ac048b-a377-4932-8a7e-e2e49918a1be}</UniqueIdentifier>
    </Filter>
    <Filter Include="Code\Types">
      <UniqueIdentifier>{d3e0acf4-719d-4180-826b-3e783a0f5bfb}</UniqueIdentifier>
    </Filter>
    <Filter Include="Resources">
      <UniqueIdentifier>{d970ff30-77c6-4a6c-a6f6-b822aaecb075}</UniqueIdentifier>
    </Filter>
    <Filter Include="Resources\Font">
      <UniqueIdentifier>{b8f19dfc-379f-4091-a9a7-72d4c2f2bad7}</UniqueIdentifier>
    </Filter>
    <Filter Include="Resources\Font\Caviar-Dreams">
      <UniqueIdentifier>{318cfc59-b052-456a-8bf8-742e8e6bc4b5}</UniqueIdentifier>
    </Filter>
    <Filter Include="Resources\Font\open-sans">
      <UniqueIdentifier>{0eacc828-ddaa-4fdc-938b-4dae7520b28d}</UniqueIdentifier>
    </Filter>
  </ItemGroup>
  <ItemGroup>
    <ClInclude Include="emily\ResourcePath.hpp">
      <Filter>Resource Files</Filter>
    </ClInclude>
    <ClInclude Include="..\..\Code\Core\Application.h">
      <Filter>Code\Core</Filter>
    </ClInclude>
    <ClInclude Include="..\..\Code\Core\Assert.h">
      <Filter>Code\Core</Filter>
    </ClInclude>
    <ClInclude Include="..\..\Code\Core\Event.h">
      <Filter>Code\Core</Filter>
    </ClInclude>
    <ClInclude Include="..\..\Code\Core\EventObserver.h">
      <Filter>Code\Core</Filter>
    </ClInclude>
    <ClInclude Include="..\..\Code\Core\EventSubject.h">
      <Filter>Code\Core</Filter>
    </ClInclude>
    <ClInclude Include="..\..\Code\Math\MathTests.h">
      <Filter>Code\Math</Filter>
    </ClInclude>
    <ClInclude Include="..\..\Code\Math\Point.h">
      <Filter>Code\Math</Filter>
    </ClInclude>
    <ClInclude Include="..\..\Code\Math\Vector3.h">
      <Filter>Code\Math</Filter>
    </ClInclude>
    <ClInclude Include="..\..\Code\Types\Entity.h">
      <Filter>Code\Types</Filter>
    </ClInclude>
    <ClInclude Include="..\..\Code\Types\IdentifiableObject.h">
      <Filter>Code\Types</Filter>
    </ClInclude>
    <ClInclude Include="..\..\Code\Types\Identifier.h">
      <Filter>Code\Types</Filter>
    </ClInclude>
    <ClInclude Include="..\..\Resources\Colours.h">
      <Filter>Resources</Filter>
    </ClInclude>
  </ItemGroup>
  <ItemGroup>
    <ClCompile Include="..\..\Code\Core\Application.cpp">
      <Filter>Code\Core</Filter>
    </ClCompile>
    <ClCompile Include="..\..\Code\Core\Event.cpp">
      <Filter>Code\Core</Filter>
    </ClCompile>
    <ClCompile Include="..\..\Code\Core\EventObserver.cpp">
      <Filter>Code\Core</Filter>
    </ClCompile>
    <ClCompile Include="..\..\Code\Core\EventSubject.cpp">
      <Filter>Code\Core</Filter>
    </ClCompile>
    <ClCompile Include="..\..\Code\Math\MathTests.cpp">
      <Filter>Code\Math</Filter>
    </ClCompile>
    <ClCompile Include="..\..\Code\Math\Point.cpp">
      <Filter>Code\Math</Filter>
    </ClCompile>
    <ClCompile Include="..\..\Code\Math\Vector3.cpp">
      <Filter>Code\Math</Filter>
    </ClCompile>
    <ClCompile Include="..\..\Code\Types\Entity.cpp">
      <Filter>Code\Types</Filter>
    </ClCompile>
    <ClCompile Include="..\..\Code\Types\IdentifiableObject.cpp">
      <Filter>Code\Types</Filter>
    </ClCompile>
    <ClCompile Include="..\..\main.cpp" />
  </ItemGroup>
  <ItemGroup>
    <Font Include="..\..\Resources\Font\open-sans\OpenSans-ExtraBold.ttf">
      <Filter>Resources\Font\open-sans</Filter>
    </Font>
    <Font Include="..\..\Resources\Font\open-sans\OpenSans-ExtraBoldItalic.ttf">
      <Filter>Resources\Font\open-sans</Filter>
    </Font>
    <Font Include="..\..\Resources\Font\open-sans\OpenSans-Italic.ttf">
      <Filter>Resources\Font\open-sans</Filter>
    </Font>
    <Font Include="..\..\Resources\Font\open-sans\OpenSans-Light.ttf">
      <Filter>Resources\Font\open-sans</Filter>
    </Font>
    <Font Include="..\..\Resources\Font\open-sans\OpenSans-LightItalic.ttf">
      <Filter>Resources\Font\open-sans</Filter>
    </Font>
    <Font Include="..\..\Resources\Font\open-sans\OpenSans-Regular.ttf">
      <Filter>Resources\Font\open-sans</Filter>
    </Font>
    <Font Include="..\..\Resources\Font\open-sans\OpenSans-Semibold.ttf">
      <Filter>Resources\Font\open-sans</Filter>
    </Font>
    <Font Include="..\..\Resources\Font\open-sans\OpenSans-SemiboldItalic.ttf">
      <Filter>Resources\Font\open-sans</Filter>
    </Font>
    <Font Include="..\..\Resources\Font\open-sans\OpenSans-Bold.ttf">
      <Filter>Resources\Font\open-sans</Filter>
    </Font>
    <Font Include="..\..\Resources\Font\open-sans\OpenSans-BoldItalic.ttf">
      <Filter>Resources\Font\open-sans</Filter>
    </Font>
    <Font Include="..\..\Resources\Font\Caviar-Dreams\CaviarDreams.ttf">
      <Filter>Resources\Font\Caviar-Dreams</Filter>
    </Font>
    <Font Include="..\..\Resources\Font\Caviar-Dreams\CaviarDreams_BoldItalic.ttf">
      <Filter>Resources\Font\Caviar-Dreams</Filter>
    </Font>
    <Font Include="..\..\Resources\Font\Caviar-Dreams\CaviarDreams_Italic.ttf">
      <Filter>Resources\Font\Caviar-Dreams</Filter>
    </Font>
    <Font Include="..\..\Resources\Font\Caviar-Dreams\Caviar_Dreams_Bold.ttf">
      <Filter>Resources\Font\Caviar-Dreams</Filter>
    </Font>
  </ItemGroup>
  <ItemGroup>
    <Text Include="..\..\Resources\Font\open-sans\Apache License.txt">
      <Filter>Resources\Font\open-sans</Filter>
    </Text>
    <Text Include="..\..\Resources\Font\Caviar-Dreams\Nymphont License.txt">
      <Filter>Resources\Font\Caviar-Dreams</Filter>
    </Text>
  </ItemGroup>
</Project>