// !$*UTF8*$!
{
	archiveVersion = 1;
	classes = {
	};
	objectVersion = 50;
	objects = {

/* Begin PBXBuildFile section */
		21747D462219D4E000118D6F /* Event.cpp in Sources */ = {isa = PBXBuildFile; fileRef = 21747D432219D4E000118D6F /* Event.cpp */; };
		21747D472219D4E000118D6F /* Application.cpp in Sources */ = {isa = PBXBuildFile; fileRef = 21747D442219D4E000118D6F /* Application.cpp */; };
		21747D492219D4FD00118D6F /* main.cpp in Sources */ = {isa = PBXBuildFile; fileRef = 21747D482219D4FD00118D6F /* main.cpp */; };
		21747D50221AC15700118D6F /* IdentifiableObject.cpp in Sources */ = {isa = PBXBuildFile; fileRef = 21747D4F221AC15700118D6F /* IdentifiableObject.cpp */; };
		21747D54221BE19800118D6F /* EventSubject.cpp in Sources */ = {isa = PBXBuildFile; fileRef = 21747D53221BE19800118D6F /* EventSubject.cpp */; };
		21747D57221BE1C700118D6F /* EventObserver.cpp in Sources */ = {isa = PBXBuildFile; fileRef = 21747D56221BE1C700118D6F /* EventObserver.cpp */; };
		21747D5B221EB42500118D6F /* Vector3.cpp in Sources */ = {isa = PBXBuildFile; fileRef = 21747D5A221EB42500118D6F /* Vector3.cpp */; };
		21747D5E221EB79A00118D6F /* MathTests.cpp in Sources */ = {isa = PBXBuildFile; fileRef = 21747D5D221EB79A00118D6F /* MathTests.cpp */; };
		21747D702225D6C600118D6F /* Shader.cpp in Sources */ = {isa = PBXBuildFile; fileRef = 21747D6C2225D6C600118D6F /* Shader.cpp */; };
		21747D712225D6C600118D6F /* Buffer.cpp in Sources */ = {isa = PBXBuildFile; fileRef = 21747D6D2225D6C600118D6F /* Buffer.cpp */; };
		21747D722225D6C600118D6F /* Renderer.cpp in Sources */ = {isa = PBXBuildFile; fileRef = 21747D6F2225D6C600118D6F /* Renderer.cpp */; };
		21747D802227E2A100118D6F /* Point.cpp in Sources */ = {isa = PBXBuildFile; fileRef = 21747D7F2227E2A100118D6F /* Point.cpp */; };
		21747D8D222AAE4200118D6F /* Entity.cpp in Sources */ = {isa = PBXBuildFile; fileRef = 21747D8C222AAE4200118D6F /* Entity.cpp */; };
		21747DF5222FC7D500118D6F /* OpenSans-Semibold.ttf in Resources */ = {isa = PBXBuildFile; fileRef = 21747DC5222FC7D500118D6F /* OpenSans-Semibold.ttf */; };
		21747DF6222FC7D500118D6F /* OpenSans-Light.ttf in Resources */ = {isa = PBXBuildFile; fileRef = 21747DC6222FC7D500118D6F /* OpenSans-Light.ttf */; };
		21747DF7222FC7D500118D6F /* OpenSans-Italic.ttf in Resources */ = {isa = PBXBuildFile; fileRef = 21747DC7222FC7D500118D6F /* OpenSans-Italic.ttf */; };
		21747DF8222FC7D500118D6F /* Apache License.txt in Resources */ = {isa = PBXBuildFile; fileRef = 21747DC8222FC7D500118D6F /* Apache License.txt */; };
		21747DF9222FC7D500118D6F /* OpenSans-ExtraBold.ttf in Resources */ = {isa = PBXBuildFile; fileRef = 21747DC9222FC7D500118D6F /* OpenSans-ExtraBold.ttf */; };
		21747DFA222FC7D500118D6F /* OpenSans-LightItalic.ttf in Resources */ = {isa = PBXBuildFile; fileRef = 21747DCA222FC7D500118D6F /* OpenSans-LightItalic.ttf */; };
		21747DFB222FC7D500118D6F /* OpenSans-Bold.ttf in Resources */ = {isa = PBXBuildFile; fileRef = 21747DCB222FC7D500118D6F /* OpenSans-Bold.ttf */; };
		21747DFC222FC7D500118D6F /* OpenSans-SemiboldItalic.ttf in Resources */ = {isa = PBXBuildFile; fileRef = 21747DCC222FC7D500118D6F /* OpenSans-SemiboldItalic.ttf */; };
		21747DFD222FC7D500118D6F /* OpenSans-ExtraBoldItalic.ttf in Resources */ = {isa = PBXBuildFile; fileRef = 21747DCD222FC7D500118D6F /* OpenSans-ExtraBoldItalic.ttf */; };
		21747DFE222FC7D500118D6F /* OpenSans-Regular.ttf in Resources */ = {isa = PBXBuildFile; fileRef = 21747DCE222FC7D500118D6F /* OpenSans-Regular.ttf */; };
		21747DFF222FC7D500118D6F /* OpenSans-BoldItalic.ttf in Resources */ = {isa = PBXBuildFile; fileRef = 21747DCF222FC7D500118D6F /* OpenSans-BoldItalic.ttf */; };
		21747E00222FC7D500118D6F /* Caviar_Dreams_Bold.ttf in Resources */ = {isa = PBXBuildFile; fileRef = 21747DD1222FC7D500118D6F /* Caviar_Dreams_Bold.ttf */; };
		21747E01222FC7D500118D6F /* CaviarDreams_BoldItalic.ttf in Resources */ = {isa = PBXBuildFile; fileRef = 21747DD2222FC7D500118D6F /* CaviarDreams_BoldItalic.ttf */; };
		21747E02222FC7D500118D6F /* CaviarDreams.ttf in Resources */ = {isa = PBXBuildFile; fileRef = 21747DD3222FC7D500118D6F /* CaviarDreams.ttf */; };
		21747E03222FC7D500118D6F /* CaviarDreams_Italic.ttf in Resources */ = {isa = PBXBuildFile; fileRef = 21747DD4222FC7D500118D6F /* CaviarDreams_Italic.ttf */; };
		21747E04222FC7D500118D6F /* Nymphont License.txt in Resources */ = {isa = PBXBuildFile; fileRef = 21747DD5222FC7D500118D6F /* Nymphont License.txt */; };
		21747E22222FC7F500118D6F /* Pong.cpp in Sources */ = {isa = PBXBuildFile; fileRef = 21747E1B222FC7F500118D6F /* Pong.cpp */; };
		21747E23222FC7F500118D6F /* Scoreboard.cpp in Sources */ = {isa = PBXBuildFile; fileRef = 21747E1C222FC7F500118D6F /* Scoreboard.cpp */; };
		21747E24222FC7F500118D6F /* Paddle.cpp in Sources */ = {isa = PBXBuildFile; fileRef = 21747E1D222FC7F500118D6F /* Paddle.cpp */; };
		21747E25222FC7F500118D6F /* Ball.cpp in Sources */ = {isa = PBXBuildFile; fileRef = 21747E21222FC7F500118D6F /* Ball.cpp */; };
/* End PBXBuildFile section */

/* Begin PBXCopyFilesBuildPhase section */
		21747D3322115DB100118D6F /* CopyFiles */ = {
			isa = PBXCopyFilesBuildPhase;
			buildActionMask = 2147483647;
			dstPath = "";
			dstSubfolderSpec = 7;
			files = (
			);
			runOnlyForDeploymentPostprocessing = 0;
		};
/* End PBXCopyFilesBuildPhase section */

/* Begin PBXFileReference section */
		21747D162210973100118D6F /* Emily.app */ = {isa = PBXFileReference; explicitFileType = wrapper.application; includeInIndex = 0; path = Emily.app; sourceTree = BUILT_PRODUCTS_DIR; };
		21747D3F2219D4E000118D6F /* Event.h */ = {isa = PBXFileReference; fileEncoding = 4; lastKnownFileType = sourcecode.c.h; path = Event.h; sourceTree = "<group>"; };
		21747D412219D4E000118D6F /* Application.h */ = {isa = PBXFileReference; fileEncoding = 4; lastKnownFileType = sourcecode.c.h; path = Application.h; sourceTree = "<group>"; };
		21747D432219D4E000118D6F /* Event.cpp */ = {isa = PBXFileReference; fileEncoding = 4; lastKnownFileType = sourcecode.cpp.cpp; path = Event.cpp; sourceTree = "<group>"; };
		21747D442219D4E000118D6F /* Application.cpp */ = {isa = PBXFileReference; fileEncoding = 4; lastKnownFileType = sourcecode.cpp.cpp; path = Application.cpp; sourceTree = "<group>"; };
		21747D482219D4FD00118D6F /* main.cpp */ = {isa = PBXFileReference; fileEncoding = 4; lastKnownFileType = sourcecode.cpp.cpp; path = main.cpp; sourceTree = "<group>"; };
		21747D4A2219D72100118D6F /* Emily-Info.plist */ = {isa = PBXFileReference; fileEncoding = 4; lastKnownFileType = text.plist.xml; path = "Emily-Info.plist"; sourceTree = "<group>"; };
		21747D4E221AC15700118D6F /* IdentifiableObject.h */ = {isa = PBXFileReference; lastKnownFileType = sourcecode.c.h; path = IdentifiableObject.h; sourceTree = "<group>"; };
		21747D4F221AC15700118D6F /* IdentifiableObject.cpp */ = {isa = PBXFileReference; lastKnownFileType = sourcecode.cpp.cpp; path = IdentifiableObject.cpp; sourceTree = "<group>"; };
		21747D51221B327000118D6F /* Identifier.h */ = {isa = PBXFileReference; lastKnownFileType = sourcecode.c.h; path = Identifier.h; sourceTree = "<group>"; };
		21747D52221BE19800118D6F /* EventSubject.h */ = {isa = PBXFileReference; lastKnownFileType = sourcecode.c.h; path = EventSubject.h; sourceTree = "<group>"; };
		21747D53221BE19800118D6F /* EventSubject.cpp */ = {isa = PBXFileReference; lastKnownFileType = sourcecode.cpp.cpp; path = EventSubject.cpp; sourceTree = "<group>"; };
		21747D55221BE1C700118D6F /* EventObserver.h */ = {isa = PBXFileReference; lastKnownFileType = sourcecode.c.h; path = EventObserver.h; sourceTree = "<group>"; };
		21747D56221BE1C700118D6F /* EventObserver.cpp */ = {isa = PBXFileReference; lastKnownFileType = sourcecode.cpp.cpp; path = EventObserver.cpp; sourceTree = "<group>"; };
		21747D59221EB42500118D6F /* Vector3.h */ = {isa = PBXFileReference; lastKnownFileType = sourcecode.c.h; path = Vector3.h; sourceTree = "<group>"; };
		21747D5A221EB42500118D6F /* Vector3.cpp */ = {isa = PBXFileReference; lastKnownFileType = sourcecode.cpp.cpp; path = Vector3.cpp; sourceTree = "<group>"; };
		21747D5C221EB79A00118D6F /* MathTests.h */ = {isa = PBXFileReference; lastKnownFileType = sourcecode.c.h; path = MathTests.h; sourceTree = "<group>"; };
		21747D5D221EB79A00118D6F /* MathTests.cpp */ = {isa = PBXFileReference; lastKnownFileType = sourcecode.cpp.cpp; path = MathTests.cpp; sourceTree = "<group>"; };
		21747D6A2225D6C600118D6F /* Shader.h */ = {isa = PBXFileReference; fileEncoding = 4; lastKnownFileType = sourcecode.c.h; path = Shader.h; sourceTree = "<group>"; };
		21747D6B2225D6C600118D6F /* Renderer.h */ = {isa = PBXFileReference; fileEncoding = 4; lastKnownFileType = sourcecode.c.h; path = Renderer.h; sourceTree = "<group>"; };
		21747D6C2225D6C600118D6F /* Shader.cpp */ = {isa = PBXFileReference; fileEncoding = 4; lastKnownFileType = sourcecode.cpp.cpp; path = Shader.cpp; sourceTree = "<group>"; };
		21747D6D2225D6C600118D6F /* Buffer.cpp */ = {isa = PBXFileReference; fileEncoding = 4; lastKnownFileType = sourcecode.cpp.cpp; path = Buffer.cpp; sourceTree = "<group>"; };
		21747D6E2225D6C600118D6F /* Buffer.h */ = {isa = PBXFileReference; fileEncoding = 4; lastKnownFileType = sourcecode.c.h; path = Buffer.h; sourceTree = "<group>"; };
		21747D6F2225D6C600118D6F /* Renderer.cpp */ = {isa = PBXFileReference; fileEncoding = 4; lastKnownFileType = sourcecode.cpp.cpp; path = Renderer.cpp; sourceTree = "<group>"; };
		21747D76222673C300118D6F /* Assert.h */ = {isa = PBXFileReference; lastKnownFileType = sourcecode.c.h; path = Assert.h; sourceTree = "<group>"; };
		21747D7C2227E1F400118D6F /* Point.h */ = {isa = PBXFileReference; lastKnownFileType = sourcecode.c.h; path = Point.h; sourceTree = "<group>"; };
		21747D7F2227E2A100118D6F /* Point.cpp */ = {isa = PBXFileReference; lastKnownFileType = sourcecode.cpp.cpp; path = Point.cpp; sourceTree = "<group>"; };
		21747D8B222AAE4200118D6F /* Entity.h */ = {isa = PBXFileReference; lastKnownFileType = sourcecode.c.h; path = Entity.h; sourceTree = "<group>"; };
		21747D8C222AAE4200118D6F /* Entity.cpp */ = {isa = PBXFileReference; lastKnownFileType = sourcecode.cpp.cpp; path = Entity.cpp; sourceTree = "<group>"; };
		21747DC5222FC7D500118D6F /* OpenSans-Semibold.ttf */ = {isa = PBXFileReference; lastKnownFileType = file; path = "OpenSans-Semibold.ttf"; sourceTree = "<group>"; };
		21747DC6222FC7D500118D6F /* OpenSans-Light.ttf */ = {isa = PBXFileReference; lastKnownFileType = file; path = "OpenSans-Light.ttf"; sourceTree = "<group>"; };
		21747DC7222FC7D500118D6F /* OpenSans-Italic.ttf */ = {isa = PBXFileReference; lastKnownFileType = file; path = "OpenSans-Italic.ttf"; sourceTree = "<group>"; };
		21747DC8222FC7D500118D6F /* Apache License.txt */ = {isa = PBXFileReference; fileEncoding = 4; lastKnownFileType = text; path = "Apache License.txt"; sourceTree = "<group>"; };
		21747DC9222FC7D500118D6F /* OpenSans-ExtraBold.ttf */ = {isa = PBXFileReference; lastKnownFileType = file; path = "OpenSans-ExtraBold.ttf"; sourceTree = "<group>"; };
		21747DCA222FC7D500118D6F /* OpenSans-LightItalic.ttf */ = {isa = PBXFileReference; lastKnownFileType = file; path = "OpenSans-LightItalic.ttf"; sourceTree = "<group>"; };
		21747DCB222FC7D500118D6F /* OpenSans-Bold.ttf */ = {isa = PBXFileReference; lastKnownFileType = file; path = "OpenSans-Bold.ttf"; sourceTree = "<group>"; };
		21747DCC222FC7D500118D6F /* OpenSans-SemiboldItalic.ttf */ = {isa = PBXFileReference; lastKnownFileType = file; path = "OpenSans-SemiboldItalic.ttf"; sourceTree = "<group>"; };
		21747DCD222FC7D500118D6F /* OpenSans-ExtraBoldItalic.ttf */ = {isa = PBXFileReference; lastKnownFileType = file; path = "OpenSans-ExtraBoldItalic.ttf"; sourceTree = "<group>"; };
		21747DCE222FC7D500118D6F /* OpenSans-Regular.ttf */ = {isa = PBXFileReference; lastKnownFileType = file; path = "OpenSans-Regular.ttf"; sourceTree = "<group>"; };
		21747DCF222FC7D500118D6F /* OpenSans-BoldItalic.ttf */ = {isa = PBXFileReference; lastKnownFileType = file; path = "OpenSans-BoldItalic.ttf"; sourceTree = "<group>"; };
		21747DD1222FC7D500118D6F /* Caviar_Dreams_Bold.ttf */ = {isa = PBXFileReference; lastKnownFileType = file; path = Caviar_Dreams_Bold.ttf; sourceTree = "<group>"; };
		21747DD2222FC7D500118D6F /* CaviarDreams_BoldItalic.ttf */ = {isa = PBXFileReference; lastKnownFileType = file; path = CaviarDreams_BoldItalic.ttf; sourceTree = "<group>"; };
		21747DD3222FC7D500118D6F /* CaviarDreams.ttf */ = {isa = PBXFileReference; lastKnownFileType = file; path = CaviarDreams.ttf; sourceTree = "<group>"; };
		21747DD4222FC7D500118D6F /* CaviarDreams_Italic.ttf */ = {isa = PBXFileReference; lastKnownFileType = file; path = CaviarDreams_Italic.ttf; sourceTree = "<group>"; };
		21747DD5222FC7D500118D6F /* Nymphont License.txt */ = {isa = PBXFileReference; fileEncoding = 4; lastKnownFileType = text; path = "Nymphont License.txt"; sourceTree = "<group>"; };
		21747E1A222FC7F500118D6F /* Ball.h */ = {isa = PBXFileReference; fileEncoding = 4; lastKnownFileType = sourcecode.c.h; path = Ball.h; sourceTree = "<group>"; };
		21747E1B222FC7F500118D6F /* Pong.cpp */ = {isa = PBXFileReference; fileEncoding = 4; lastKnownFileType = sourcecode.cpp.cpp; path = Pong.cpp; sourceTree = "<group>"; };
		21747E1C222FC7F500118D6F /* Scoreboard.cpp */ = {isa = PBXFileReference; fileEncoding = 4; lastKnownFileType = sourcecode.cpp.cpp; path = Scoreboard.cpp; sourceTree = "<group>"; };
		21747E1D222FC7F500118D6F /* Paddle.cpp */ = {isa = PBXFileReference; fileEncoding = 4; lastKnownFileType = sourcecode.cpp.cpp; path = Paddle.cpp; sourceTree = "<group>"; };
		21747E1E222FC7F500118D6F /* Pong.h */ = {isa = PBXFileReference; fileEncoding = 4; lastKnownFileType = sourcecode.c.h; path = Pong.h; sourceTree = "<group>"; };
		21747E1F222FC7F500118D6F /* Scoreboard.h */ = {isa = PBXFileReference; fileEncoding = 4; lastKnownFileType = sourcecode.c.h; path = Scoreboard.h; sourceTree = "<group>"; };
		21747E20222FC7F500118D6F /* Paddle.h */ = {isa = PBXFileReference; fileEncoding = 4; lastKnownFileType = sourcecode.c.h; path = Paddle.h; sourceTree = "<group>"; };
		21747E21222FC7F500118D6F /* Ball.cpp */ = {isa = PBXFileReference; fileEncoding = 4; lastKnownFileType = sourcecode.cpp.cpp; path = Ball.cpp; sourceTree = "<group>"; };
/* End PBXFileReference section */

/* Begin PBXFrameworksBuildPhase section */
		21747D122210973100118D6F /* Frameworks */ = {
			isa = PBXFrameworksBuildPhase;
			buildActionMask = 2147483647;
			files = (
			);
			runOnlyForDeploymentPostprocessing = 0;
		};
/* End PBXFrameworksBuildPhase section */

/* Begin PBXGroup section */
		21747D0C2210973100118D6F = {
			isa = PBXGroup;
			children = (
				21747E19222FC7F500118D6F /* Pong */,
				21747DC3222FC7D500118D6F /* Font */,
				21747D4A2219D72100118D6F /* Emily-Info.plist */,
				21747D172210973100118D6F /* Products */,
				21747D3E2219D4E000118D6F /* Code */,
			);
			sourceTree = "<group>";
		};
		21747D172210973100118D6F /* Products */ = {
			isa = PBXGroup;
			children = (
				21747D162210973100118D6F /* Emily.app */,
			);
			name = Products;
			sourceTree = "<group>";
		};
		21747D3E2219D4E000118D6F /* Code */ = {
			isa = PBXGroup;
			children = (
				21747D58221EB40E00118D6F /* Math */,
				21747D4C221ABF4200118D6F /* Core */,
				21747D4D221ABF4500118D6F /* Types */,
				21747D482219D4FD00118D6F /* main.cpp */,
			);
			name = Code;
			path = ../../Code;
			sourceTree = "<group>";
		};
		21747D4C221ABF4200118D6F /* Core */ = {
			isa = PBXGroup;
			children = (
				21747D692225D6C600118D6F /* Renderer */,
				21747D442219D4E000118D6F /* Application.cpp */,
				21747D412219D4E000118D6F /* Application.h */,
				21747D432219D4E000118D6F /* Event.cpp */,
				21747D3F2219D4E000118D6F /* Event.h */,
				21747D53221BE19800118D6F /* EventSubject.cpp */,
				21747D52221BE19800118D6F /* EventSubject.h */,
				21747D56221BE1C700118D6F /* EventObserver.cpp */,
				21747D55221BE1C700118D6F /* EventObserver.h */,
				21747D76222673C300118D6F /* Assert.h */,
			);
			path = Core;
			sourceTree = "<group>";
		};
		21747D4D221ABF4500118D6F /* Types */ = {
			isa = PBXGroup;
			children = (
				21747D4F221AC15700118D6F /* IdentifiableObject.cpp */,
				21747D4E221AC15700118D6F /* IdentifiableObject.h */,
				21747D51221B327000118D6F /* Identifier.h */,
				21747D8C222AAE4200118D6F /* Entity.cpp */,
				21747D8B222AAE4200118D6F /* Entity.h */,
			);
			path = Types;
			sourceTree = "<group>";
		};
		21747D58221EB40E00118D6F /* Math */ = {
			isa = PBXGroup;
			children = (
				21747D5A221EB42500118D6F /* Vector3.cpp */,
				21747D59221EB42500118D6F /* Vector3.h */,
				21747D5D221EB79A00118D6F /* MathTests.cpp */,
				21747D5C221EB79A00118D6F /* MathTests.h */,
				21747D7F2227E2A100118D6F /* Point.cpp */,
				21747D7C2227E1F400118D6F /* Point.h */,
			);
			path = Math;
			sourceTree = "<group>";
		};
		21747D692225D6C600118D6F /* Renderer */ = {
			isa = PBXGroup;
			children = (
				21747D6C2225D6C600118D6F /* Shader.cpp */,
				21747D6A2225D6C600118D6F /* Shader.h */,
				21747D6F2225D6C600118D6F /* Renderer.cpp */,
				21747D6B2225D6C600118D6F /* Renderer.h */,
				21747D6D2225D6C600118D6F /* Buffer.cpp */,
				21747D6E2225D6C600118D6F /* Buffer.h */,
			);
			path = Renderer;
			sourceTree = "<group>";
		};
		21747DC3222FC7D500118D6F /* Font */ = {
			isa = PBXGroup;
			children = (
				21747DC4222FC7D500118D6F /* open-sans */,
				21747DD0222FC7D500118D6F /* Caviar-Dreams */,
			);
			name = Font;
			path = ../../Font;
			sourceTree = "<group>";
		};
		21747DC4222FC7D500118D6F /* open-sans */ = {
			isa = PBXGroup;
			children = (
				21747DC5222FC7D500118D6F /* OpenSans-Semibold.ttf */,
				21747DC6222FC7D500118D6F /* OpenSans-Light.ttf */,
				21747DC7222FC7D500118D6F /* OpenSans-Italic.ttf */,
				21747DC8222FC7D500118D6F /* Apache License.txt */,
				21747DC9222FC7D500118D6F /* OpenSans-ExtraBold.ttf */,
				21747DCA222FC7D500118D6F /* OpenSans-LightItalic.ttf */,
				21747DCB222FC7D500118D6F /* OpenSans-Bold.ttf */,
				21747DCC222FC7D500118D6F /* OpenSans-SemiboldItalic.ttf */,
				21747DCD222FC7D500118D6F /* OpenSans-ExtraBoldItalic.ttf */,
				21747DCE222FC7D500118D6F /* OpenSans-Regular.ttf */,
				21747DCF222FC7D500118D6F /* OpenSans-BoldItalic.ttf */,
			);
			path = "open-sans";
			sourceTree = "<group>";
		};
		21747DD0222FC7D500118D6F /* Caviar-Dreams */ = {
			isa = PBXGroup;
			children = (
				21747DD1222FC7D500118D6F /* Caviar_Dreams_Bold.ttf */,
				21747DD2222FC7D500118D6F /* CaviarDreams_BoldItalic.ttf */,
				21747DD3222FC7D500118D6F /* CaviarDreams.ttf */,
				21747DD4222FC7D500118D6F /* CaviarDreams_Italic.ttf */,
				21747DD5222FC7D500118D6F /* Nymphont License.txt */,
			);
			path = "Caviar-Dreams";
			sourceTree = "<group>";
		};
		21747E19222FC7F500118D6F /* Pong */ = {
			isa = PBXGroup;
			children = (
				21747E21222FC7F500118D6F /* Ball.cpp */,
				21747E1A222FC7F500118D6F /* Ball.h */,
				21747E1D222FC7F500118D6F /* Paddle.cpp */,
				21747E20222FC7F500118D6F /* Paddle.h */,
				21747E1B222FC7F500118D6F /* Pong.cpp */,
				21747E1E222FC7F500118D6F /* Pong.h */,
				21747E1C222FC7F500118D6F /* Scoreboard.cpp */,
				21747E1F222FC7F500118D6F /* Scoreboard.h */,
			);
			name = Pong;
			path = ../../Pong;
			sourceTree = "<group>";
		};
/* End PBXGroup section */

/* Begin PBXNativeTarget section */
		21747D152210973100118D6F /* Emily */ = {
			isa = PBXNativeTarget;
			buildConfigurationList = 21747D2B2210973100118D6F /* Build configuration list for PBXNativeTarget "Emily" */;
			buildPhases = (
				21747D112210973100118D6F /* Sources */,
				21747D122210973100118D6F /* Frameworks */,
				21747D132210973100118D6F /* Resources */,
				21747D142210973100118D6F /* ShellScript */,
				21747D3322115DB100118D6F /* CopyFiles */,
			);
			buildRules = (
			);
			dependencies = (
			);
			name = Emily;
			productName = Emily;
			productReference = 21747D162210973100118D6F /* Emily.app */;
			productType = "com.apple.product-type.application";
		};
/* End PBXNativeTarget section */

/* Begin PBXProject section */
		21747D0D2210973100118D6F /* Project object */ = {
			isa = PBXProject;
			attributes = {
				LastUpgradeCheck = 1010;
				ORGANIZATIONNAME = "Archie Buck";
				TargetAttributes = {
					21747D152210973100118D6F = {
						CreatedOnToolsVersion = 10.1;
					};
				};
			};
			buildConfigurationList = 21747D102210973100118D6F /* Build configuration list for PBXProject "Emily" */;
			compatibilityVersion = "Xcode 9.3";
			developmentRegion = en;
			hasScannedForEncodings = 0;
			knownRegions = (
				en,
			);
			mainGroup = 21747D0C2210973100118D6F;
			productRefGroup = 21747D172210973100118D6F /* Products */;
			projectDirPath = "";
			projectRoot = "";
			targets = (
				21747D152210973100118D6F /* Emily */,
			);
		};
/* End PBXProject section */

/* Begin PBXResourcesBuildPhase section */
		21747D132210973100118D6F /* Resources */ = {
			isa = PBXResourcesBuildPhase;
			buildActionMask = 2147483647;
			files = (
				21747DFE222FC7D500118D6F /* OpenSans-Regular.ttf in Resources */,
				21747DFC222FC7D500118D6F /* OpenSans-SemiboldItalic.ttf in Resources */,
				21747E04222FC7D500118D6F /* Nymphont License.txt in Resources */,
				21747E01222FC7D500118D6F /* CaviarDreams_BoldItalic.ttf in Resources */,
				21747DFD222FC7D500118D6F /* OpenSans-ExtraBoldItalic.ttf in Resources */,
				21747E00222FC7D500118D6F /* Caviar_Dreams_Bold.ttf in Resources */,
				21747DFF222FC7D500118D6F /* OpenSans-BoldItalic.ttf in Resources */,
				21747DF7222FC7D500118D6F /* OpenSans-Italic.ttf in Resources */,
				21747DFB222FC7D500118D6F /* OpenSans-Bold.ttf in Resources */,
				21747DF8222FC7D500118D6F /* Apache License.txt in Resources */,
				21747DFA222FC7D500118D6F /* OpenSans-LightItalic.ttf in Resources */,
				21747E02222FC7D500118D6F /* CaviarDreams.ttf in Resources */,
				21747DF6222FC7D500118D6F /* OpenSans-Light.ttf in Resources */,
				21747DF5222FC7D500118D6F /* OpenSans-Semibold.ttf in Resources */,
				21747E03222FC7D500118D6F /* CaviarDreams_Italic.ttf in Resources */,
				21747DF9222FC7D500118D6F /* OpenSans-ExtraBold.ttf in Resources */,
			);
			runOnlyForDeploymentPostprocessing = 0;
		};
/* End PBXResourcesBuildPhase section */

/* Begin PBXShellScriptBuildPhase section */
		21747D142210973100118D6F /* ShellScript */ = {
			isa = PBXShellScriptBuildPhase;
			buildActionMask = 2147483647;
			files = (
			);
			inputFileListPaths = (
			);
			inputPaths = (
			);
			outputFileListPaths = (
			);
			outputPaths = (
			);
			runOnlyForDeploymentPostprocessing = 0;
			shellPath = /bin/sh;
			shellScript = "# This shell script simply copies required SFML dylibs/frameworks into the application bundle frameworks folder.\n# If you're using static libraries (which is not recommended) you should remove this script from your project.\n\n# SETTINGS\nCMAKE_INSTALL_FRAMEWORK_PREFIX=\"/Library/Frameworks\"\nCMAKE_INSTALL_LIB_PREFIX=\"/usr/local/lib\"\nFRAMEWORKS_FULL_PATH=\"$BUILT_PRODUCTS_DIR/$FRAMEWORKS_FOLDER_PATH/\"\n\n# Are we building a project that uses frameworks or dylibs?\ncase \"$SFML_BINARY_TYPE\" in\n    DYLIBS)\n        frameworks=\"false\"\n        ;;\n    *)\n        frameworks=\"true\"\n        ;;\nesac\n\n# Echoes to stderr\nerror () # $* message to display\n{\n    echo $* 1>&2\n    exit 2\n}\n\nassert () # $1 is a boolean, $2...N is an error message\n{\n    if [ $# -lt 2 ]\n    then\n        error \"Internal error in assert: not enough args\"\n    fi\n\n    if [ $1 -ne 0 ]\n    then\n        shift\n        error \"$*\"\n    fi\n}\n\nforce_remove () # $@ is some paths\n{\n    test $# -ge 1\n    assert $? \"force_remove() requires at least one parameter\"\n    rm -fr $@\n    assert $? \"couldn't remove $@\"\n}\n\ncopy () # $1 is a source, $2 is a destination\n{\n    test $# -eq 2\n    assert $? \"copy() requires two parameters\"\n    ditto \"$1\" \"$2\"\n    assert $? \"couldn't copy $1 to $2\"\n}\n\nrequire () # $1 is a SFML module like 'system' or 'audio'\n{\n    dest=\"$BUILT_PRODUCTS_DIR/$FRAMEWORKS_FOLDER_PATH/\"\n\n    if [ -z \"$1\" ]\n    then\n        error \"require() requires one parameter!\"\n    else\n        # clean potentially old stuff\n        force_remove \"$dest/libsfml-$1\"*\n        force_remove \"$dest/sfml-$1.framework\"\n\n        # copy SFML libraries\n        if [ \"$frameworks\" = \"true\" ]\n        then\n            source=\"$CMAKE_INSTALL_FRAMEWORK_PREFIX/sfml-$1.framework\"\n            target=\"sfml-$1.framework\"\n        elif [ \"$SFML_LINK_DYLIBS_SUFFIX\" = \"-d\" ]\n        then\n            source=\"$CMAKE_INSTALL_LIB_PREFIX/libsfml-$1-d.dylib\"\n            target=\"`readlink $source`\"\n        else\n            source=\"$CMAKE_INSTALL_LIB_PREFIX/libsfml-$1.dylib\"\n            target=\"`readlink $source`\"\n        fi\n\n        copy \"$source\" \"$dest/$target\"\n\n        # copy extra dependencies\n        if [ \"$1\" = \"audio\" ]\n        then\n            # copy \"FLAC\" \"ogg\" \"vorbis\" \"vorbisenc\" \"vorbisfile\" \"OpenAL\" frameworks too\n            for f in \"FLAC\" \"ogg\" \"vorbis\" \"vorbisenc\" \"vorbisfile\" \"OpenAL\"\n            do\n                copy \"$CMAKE_INSTALL_FRAMEWORK_PREFIX/$f.framework\" \"$dest/$f.framework\"\n            done\n        elif [ \"$1\" = \"graphics\" ]\n        then\n            copy \"$CMAKE_INSTALL_FRAMEWORK_PREFIX/freetype.framework\" \"$dest/freetype.framework\"\n        fi\n    fi\n}\n\nif [ -n \"$SFML_SYSTEM\" ]\nthen\n    require \"system\"\nfi\n\nif [ -n \"$SFML_AUDIO\" ]\nthen\n    require \"audio\"\nfi\n\nif [ -n \"$SFML_NETWORK\" ]\nthen\n    require \"network\"\nfi\n\nif [ -n \"$SFML_WINDOW\" ]\nthen\n    require \"window\"\nfi\n\nif [ -n \"$SFML_GRAPHICS\" ]\nthen\n    require \"graphics\"\nfi\n\n                ";
		};
/* End PBXShellScriptBuildPhase section */

/* Begin PBXSourcesBuildPhase section */
		21747D112210973100118D6F /* Sources */ = {
			isa = PBXSourcesBuildPhase;
			buildActionMask = 2147483647;
			files = (
				21747D722225D6C600118D6F /* Renderer.cpp in Sources */,
				21747D462219D4E000118D6F /* Event.cpp in Sources */,
				21747D54221BE19800118D6F /* EventSubject.cpp in Sources */,
				21747D5B221EB42500118D6F /* Vector3.cpp in Sources */,
				21747D712225D6C600118D6F /* Buffer.cpp in Sources */,
				21747E24222FC7F500118D6F /* Paddle.cpp in Sources */,
				21747E25222FC7F500118D6F /* Ball.cpp in Sources */,
				21747E23222FC7F500118D6F /* Scoreboard.cpp in Sources */,
				21747E22222FC7F500118D6F /* Pong.cpp in Sources */,
				21747D50221AC15700118D6F /* IdentifiableObject.cpp in Sources */,
				21747D702225D6C600118D6F /* Shader.cpp in Sources */,
				21747D492219D4FD00118D6F /* main.cpp in Sources */,
				21747D5E221EB79A00118D6F /* MathTests.cpp in Sources */,
				21747D57221BE1C700118D6F /* EventObserver.cpp in Sources */,
				21747D8D222AAE4200118D6F /* Entity.cpp in Sources */,
				21747D802227E2A100118D6F /* Point.cpp in Sources */,
				21747D472219D4E000118D6F /* Application.cpp in Sources */,
			);
			runOnlyForDeploymentPostprocessing = 0;
		};
/* End PBXSourcesBuildPhase section */

/* Begin XCBuildConfiguration section */
		21747D292210973100118D6F /* Debug */ = {
			isa = XCBuildConfiguration;
			buildSettings = {
				ARCHS = (
					i386,
					x86_64,
				);
				CLANG_CXX_LANGUAGE_STANDARD = "c++0x";
				CLANG_CXX_LIBRARY = "libc++";
				FRAMEWORK_SEARCH_PATHS = (
					/Library/Frameworks/,
					"$(inherited)",
				);
				GCC_VERSION = com.apple.compilers.llvm.clang.1_0;
				HEADER_SEARCH_PATHS = (
					/usr/local/include/,
					"$(inherited)",
				);
				LIBRARY_SEARCH_PATHS = (
					/usr/local/lib/,
					"$(inherited)",
				);
				MACOSX_DEPLOYMENT_TARGET = 10.7;
				OTHER_LDFLAGS = (
					"$(inherited)",
					"$(SFML_SYSTEM)",
					"$(SFML_WINDOW)",
					"$(SFML_GRAPHICS)",
					"$(SFML_AUDIO)",
					"$(SFML_NETWORK)",
				);
				SFML_AUDIO = "$(SFML_LINK_PREFIX) sfml-audio$(SFML_LINK_SUFFIX)";
				SFML_BINARY_TYPE = FRAMEWORKS;
				SFML_GRAPHICS = "$(SFML_LINK_PREFIX) sfml-graphics$(SFML_LINK_SUFFIX)";
				SFML_LINK_DYLIBS_PREFIX = "-l";
				SFML_LINK_DYLIBS_SUFFIX = "";
				SFML_LINK_FRAMEWORKS_PREFIX = "-framework";
				SFML_LINK_FRAMEWORKS_SUFFIX = "";
				SFML_LINK_PREFIX = "$(SFML_LINK_$(SFML_BINARY_TYPE)_PREFIX)";
				SFML_LINK_SUFFIX = "$(SFML_LINK_$(SFML_BINARY_TYPE)_SUFFIX)";
				SFML_NETWORK = "$(SFML_LINK_PREFIX) sfml-network$(SFML_LINK_SUFFIX)";
				SFML_SYSTEM = "$(SFML_LINK_PREFIX) sfml-system$(SFML_LINK_SUFFIX)";
				SFML_WINDOW = "$(SFML_LINK_PREFIX) sfml-window$(SFML_LINK_SUFFIX)";
				SUPPORTED_PLATFORMS = macosx;
			};
			name = Debug;
		};
		21747D2A2210973100118D6F /* Release */ = {
			isa = XCBuildConfiguration;
			buildSettings = {
				ARCHS = (
					i386,
					x86_64,
				);
				CLANG_CXX_LANGUAGE_STANDARD = "c++0x";
				CLANG_CXX_LIBRARY = "libc++";
				FRAMEWORK_SEARCH_PATHS = (
					/Library/Frameworks/,
					"$(inherited)",
				);
				GCC_VERSION = com.apple.compilers.llvm.clang.1_0;
				HEADER_SEARCH_PATHS = (
					/usr/local/include/,
					"$(inherited)",
				);
				LIBRARY_SEARCH_PATHS = (
					/usr/local/lib/,
					"$(inherited)",
				);
				MACOSX_DEPLOYMENT_TARGET = 10.7;
				OTHER_LDFLAGS = (
					"$(inherited)",
					"$(SFML_SYSTEM)",
					"$(SFML_WINDOW)",
					"$(SFML_GRAPHICS)",
					"$(SFML_AUDIO)",
					"$(SFML_NETWORK)",
				);
				SFML_AUDIO = "$(SFML_LINK_PREFIX) sfml-audio$(SFML_LINK_SUFFIX)";
				SFML_BINARY_TYPE = FRAMEWORKS;
				SFML_GRAPHICS = "$(SFML_LINK_PREFIX) sfml-graphics$(SFML_LINK_SUFFIX)";
				SFML_LINK_DYLIBS_PREFIX = "-l";
				SFML_LINK_DYLIBS_SUFFIX = "";
				SFML_LINK_FRAMEWORKS_PREFIX = "-framework";
				SFML_LINK_FRAMEWORKS_SUFFIX = "";
				SFML_LINK_PREFIX = "$(SFML_LINK_$(SFML_BINARY_TYPE)_PREFIX)";
				SFML_LINK_SUFFIX = "$(SFML_LINK_$(SFML_BINARY_TYPE)_SUFFIX)";
				SFML_NETWORK = "$(SFML_LINK_PREFIX) sfml-network$(SFML_LINK_SUFFIX)";
				SFML_SYSTEM = "$(SFML_LINK_PREFIX) sfml-system$(SFML_LINK_SUFFIX)";
				SFML_WINDOW = "$(SFML_LINK_PREFIX) sfml-window$(SFML_LINK_SUFFIX)";
				SUPPORTED_PLATFORMS = macosx;
			};
			name = Release;
		};
		21747D2C2210973100118D6F /* Debug */ = {
			isa = XCBuildConfiguration;
			buildSettings = {
				ALWAYS_SEARCH_USER_PATHS = NO;
				ARCHS = "$(ARCHS_STANDARD_64_BIT)";
				CLANG_CXX_LANGUAGE_STANDARD = "c++14";
				CLANG_X86_VECTOR_INSTRUCTIONS = avx2;
				CODE_SIGN_STYLE = Automatic;
				"GCC_PREPROCESSOR_DEFINITIONS[arch=*]" = DEBUG;
				"HEADER_SEARCH_PATHS[arch=*]" = (
					"/Users/Archie/Documents/Programming/C++/Engines/Emily",
					"\"/Users/Archie/Documents/Programming/C++/Engines/Emily/External Libraries/Mac/SFML/Include\"",
					$PROJECT_DIR,
				);
				INFOPLIST_FILE = "$(SRCROOT)/Emily-Info.plist";
				LD_RUNPATH_SEARCH_PATHS = "@loader_path/../Frameworks";
				PRODUCT_NAME = "$(TARGET_NAME)";
			};
			name = Debug;
		};
		21747D2D2210973100118D6F /* Release */ = {
			isa = XCBuildConfiguration;
			buildSettings = {
				ALWAYS_SEARCH_USER_PATHS = NO;
				ARCHS = "$(ARCHS_STANDARD_64_BIT)";
				CLANG_CXX_LANGUAGE_STANDARD = "c++14";
				CLANG_X86_VECTOR_INSTRUCTIONS = avx2;
				CODE_SIGN_STYLE = Automatic;
				INFOPLIST_FILE = "$(SRCROOT)/Emily-Info.plist";
				LD_RUNPATH_SEARCH_PATHS = "@loader_path/../Frameworks";
				PRODUCT_NAME = "$(TARGET_NAME)";
			};
			name = Release;
		};
/* End XCBuildConfiguration section */

/* Begin XCConfigurationList section */
		21747D102210973100118D6F /* Build configuration list for PBXProject "Emily" */ = {
			isa = XCConfigurationList;
			buildConfigurations = (
				21747D292210973100118D6F /* Debug */,
				21747D2A2210973100118D6F /* Release */,
			);
			defaultConfigurationIsVisible = 0;
			defaultConfigurationName = Release;
		};
		21747D2B2210973100118D6F /* Build configuration list for PBXNativeTarget "Emily" */ = {
			isa = XCConfigurationList;
			buildConfigurations = (
				21747D2C2210973100118D6F /* Debug */,
				21747D2D2210973100118D6F /* Release */,
			);
			defaultConfigurationIsVisible = 0;
			defaultConfigurationName = Release;
		};
/* End XCConfigurationList section */
	};
	rootObject = 21747D0D2210973100118D6F /* Project object */;
}
